// !$*UTF8*$!
{
	archiveVersion = 1;
	classes = {
	};
	objectVersion = 56;
	objects = {

/* Begin PBXBuildFile section */
		FFB761DA29BC1DAF002E489F /* ObjectiveView.swift in Sources */ = {isa = PBXBuildFile; fileRef = FFB761D929BC1DAF002E489F /* ObjectiveView.swift */; };
		FFDD51D529BA315E00B00E5B /* StudyPlannerApp.swift in Sources */ = {isa = PBXBuildFile; fileRef = FFDD51D429BA315E00B00E5B /* StudyPlannerApp.swift */; };
		FFDD51D729BA315E00B00E5B /* ContentView.swift in Sources */ = {isa = PBXBuildFile; fileRef = FFDD51D629BA315E00B00E5B /* ContentView.swift */; };
		FFDD51D929BA316000B00E5B /* Assets.xcassets in Resources */ = {isa = PBXBuildFile; fileRef = FFDD51D829BA316000B00E5B /* Assets.xcassets */; };
		FFDD51DC29BA316000B00E5B /* Preview Assets.xcassets in Resources */ = {isa = PBXBuildFile; fileRef = FFDD51DB29BA316000B00E5B /* Preview Assets.xcassets */; };
		FFDD51E329BA31B600B00E5B /* Course.swift in Sources */ = {isa = PBXBuildFile; fileRef = FFDD51E229BA31B600B00E5B /* Course.swift */; };
		FFDD51E529BA31BF00B00E5B /* Objective.swift in Sources */ = {isa = PBXBuildFile; fileRef = FFDD51E429BA31BF00B00E5B /* Objective.swift */; };
		FFDD51E829BA338600B00E5B /* SwiftDate in Frameworks */ = {isa = PBXBuildFile; productRef = FFDD51E729BA338600B00E5B /* SwiftDate */; };
		FFDD51EA29BACF2600B00E5B /* CourseStorage.swift in Sources */ = {isa = PBXBuildFile; fileRef = FFDD51E929BACF2600B00E5B /* CourseStorage.swift */; };
		FFE59A8729BDF21800BDB74B /* ColorCodable.swift in Sources */ = {isa = PBXBuildFile; fileRef = FFE59A8629BDF21800BDB74B /* ColorCodable.swift */; };
		FFE59A8929BDF42B00BDB74B /* DailyObjectiveView.swift in Sources */ = {isa = PBXBuildFile; fileRef = FFE59A8829BDF42B00BDB74B /* DailyObjectiveView.swift */; };
/* End PBXBuildFile section */

/* Begin PBXFileReference section */
		FFB761D929BC1DAF002E489F /* ObjectiveView.swift */ = {isa = PBXFileReference; lastKnownFileType = sourcecode.swift; path = ObjectiveView.swift; sourceTree = "<group>"; };
		FFDD51D129BA315E00B00E5B /* StudyPlanner.app */ = {isa = PBXFileReference; explicitFileType = wrapper.application; includeInIndex = 0; path = StudyPlanner.app; sourceTree = BUILT_PRODUCTS_DIR; };
		FFDD51D429BA315E00B00E5B /* StudyPlannerApp.swift */ = {isa = PBXFileReference; lastKnownFileType = sourcecode.swift; path = StudyPlannerApp.swift; sourceTree = "<group>"; };
		FFDD51D629BA315E00B00E5B /* ContentView.swift */ = {isa = PBXFileReference; lastKnownFileType = sourcecode.swift; path = ContentView.swift; sourceTree = "<group>"; };
		FFDD51D829BA316000B00E5B /* Assets.xcassets */ = {isa = PBXFileReference; lastKnownFileType = folder.assetcatalog; path = Assets.xcassets; sourceTree = "<group>"; };
		FFDD51DB29BA316000B00E5B /* Preview Assets.xcassets */ = {isa = PBXFileReference; lastKnownFileType = folder.assetcatalog; path = "Preview Assets.xcassets"; sourceTree = "<group>"; };
		FFDD51E229BA31B600B00E5B /* Course.swift */ = {isa = PBXFileReference; lastKnownFileType = sourcecode.swift; path = Course.swift; sourceTree = "<group>"; };
		FFDD51E429BA31BF00B00E5B /* Objective.swift */ = {isa = PBXFileReference; lastKnownFileType = sourcecode.swift; path = Objective.swift; sourceTree = "<group>"; };
		FFDD51E929BACF2600B00E5B /* CourseStorage.swift */ = {isa = PBXFileReference; lastKnownFileType = sourcecode.swift; path = CourseStorage.swift; sourceTree = "<group>"; };
		FFE59A8629BDF21800BDB74B /* ColorCodable.swift */ = {isa = PBXFileReference; fileEncoding = 4; lastKnownFileType = sourcecode.swift; name = ColorCodable.swift; path = "../../../../Downloads/bb2fc5df202f6a15cc807bd87ff15193-9df9ddf4d7f1f0ae38fcc040b63a1bae95acba32/ColorCodable.swift"; sourceTree = "<group>"; };
		FFE59A8829BDF42B00BDB74B /* DailyObjectiveView.swift */ = {isa = PBXFileReference; lastKnownFileType = sourcecode.swift; path = DailyObjectiveView.swift; sourceTree = "<group>"; };
/* End PBXFileReference section */

/* Begin PBXFrameworksBuildPhase section */
		FFDD51CE29BA315E00B00E5B /* Frameworks */ = {
			isa = PBXFrameworksBuildPhase;
			buildActionMask = 2147483647;
			files = (
				FFDD51E829BA338600B00E5B /* SwiftDate in Frameworks */,
			);
			runOnlyForDeploymentPostprocessing = 0;
		};
/* End PBXFrameworksBuildPhase section */

/* Begin PBXGroup section */
		FFB761D829BC1DA0002E489F /* Views */ = {
			isa = PBXGroup;
			children = (
				FFDD51D629BA315E00B00E5B /* ContentView.swift */,
				FFB761D929BC1DAF002E489F /* ObjectiveView.swift */,
				FFE59A8829BDF42B00BDB74B /* DailyObjectiveView.swift */,
			);
			path = Views;
			sourceTree = "<group>";
		};
		FFDD51C829BA315E00B00E5B = {
			isa = PBXGroup;
			children = (
				FFDD51D329BA315E00B00E5B /* StudyPlanner */,
				FFDD51D229BA315E00B00E5B /* Products */,
			);
			sourceTree = "<group>";
		};
		FFDD51D229BA315E00B00E5B /* Products */ = {
			isa = PBXGroup;
			children = (
				FFDD51D129BA315E00B00E5B /* StudyPlanner.app */,
			);
			name = Products;
			sourceTree = "<group>";
		};
		FFDD51D329BA315E00B00E5B /* StudyPlanner */ = {
			isa = PBXGroup;
			children = (
				FFB761D829BC1DA0002E489F /* Views */,
				FFDD51D429BA315E00B00E5B /* StudyPlannerApp.swift */,
				FFDD51E229BA31B600B00E5B /* Course.swift */,
				FFE59A8629BDF21800BDB74B /* ColorCodable.swift */,
				FFDD51E929BACF2600B00E5B /* CourseStorage.swift */,
				FFDD51E429BA31BF00B00E5B /* Objective.swift */,
				FFDD51D829BA316000B00E5B /* Assets.xcassets */,
				FFDD51DA29BA316000B00E5B /* Preview Content */,
			);
			path = StudyPlanner;
			sourceTree = "<group>";
		};
		FFDD51DA29BA316000B00E5B /* Preview Content */ = {
			isa = PBXGroup;
			children = (
				FFDD51DB29BA316000B00E5B /* Preview Assets.xcassets */,
			);
			path = "Preview Content";
			sourceTree = "<group>";
		};
/* End PBXGroup section */

/* Begin PBXNativeTarget section */
		FFDD51D029BA315E00B00E5B /* StudyPlanner */ = {
			isa = PBXNativeTarget;
			buildConfigurationList = FFDD51DF29BA316000B00E5B /* Build configuration list for PBXNativeTarget "StudyPlanner" */;
			buildPhases = (
				FFDD51CD29BA315E00B00E5B /* Sources */,
				FFDD51CE29BA315E00B00E5B /* Frameworks */,
				FFDD51CF29BA315E00B00E5B /* Resources */,
			);
			buildRules = (
			);
			dependencies = (
			);
			name = StudyPlanner;
			packageProductDependencies = (
				FFDD51E729BA338600B00E5B /* SwiftDate */,
			);
			productName = StudyPlanner;
			productReference = FFDD51D129BA315E00B00E5B /* StudyPlanner.app */;
			productType = "com.apple.product-type.application";
		};
/* End PBXNativeTarget section */

/* Begin PBXProject section */
		FFDD51C929BA315E00B00E5B /* Project object */ = {
			isa = PBXProject;
			attributes = {
				BuildIndependentTargetsInParallel = 1;
				LastSwiftUpdateCheck = 1420;
				LastUpgradeCheck = 1420;
				TargetAttributes = {
					FFDD51D029BA315E00B00E5B = {
						CreatedOnToolsVersion = 14.2;
					};
				};
			};
			buildConfigurationList = FFDD51CC29BA315E00B00E5B /* Build configuration list for PBXProject "StudyPlanner" */;
			compatibilityVersion = "Xcode 14.0";
			developmentRegion = en;
			hasScannedForEncodings = 0;
			knownRegions = (
				en,
				Base,
			);
			mainGroup = FFDD51C829BA315E00B00E5B;
			packageReferences = (
				FFDD51E629BA338600B00E5B /* XCRemoteSwiftPackageReference "SwiftDate" */,
			);
			productRefGroup = FFDD51D229BA315E00B00E5B /* Products */;
			projectDirPath = "";
			projectRoot = "";
			targets = (
				FFDD51D029BA315E00B00E5B /* StudyPlanner */,
			);
		};
/* End PBXProject section */

/* Begin PBXResourcesBuildPhase section */
		FFDD51CF29BA315E00B00E5B /* Resources */ = {
			isa = PBXResourcesBuildPhase;
			buildActionMask = 2147483647;
			files = (
				FFDD51DC29BA316000B00E5B /* Preview Assets.xcassets in Resources */,
				FFDD51D929BA316000B00E5B /* Assets.xcassets in Resources */,
			);
			runOnlyForDeploymentPostprocessing = 0;
		};
/* End PBXResourcesBuildPhase section */

/* Begin PBXSourcesBuildPhase section */
		FFDD51CD29BA315E00B00E5B /* Sources */ = {
			isa = PBXSourcesBuildPhase;
			buildActionMask = 2147483647;
			files = (
				FFDD51E329BA31B600B00E5B /* Course.swift in Sources */,
				FFDD51EA29BACF2600B00E5B /* CourseStorage.swift in Sources */,
				FFDD51E529BA31BF00B00E5B /* Objective.swift in Sources */,
				FFE59A8729BDF21800BDB74B /* ColorCodable.swift in Sources */,
				FFE59A8929BDF42B00BDB74B /* DailyObjectiveView.swift in Sources */,
				FFDD51D729BA315E00B00E5B /* ContentView.swift in Sources */,
				FFB761DA29BC1DAF002E489F /* ObjectiveView.swift in Sources */,
				FFDD51D529BA315E00B00E5B /* StudyPlannerApp.swift in Sources */,
			);
			runOnlyForDeploymentPostprocessing = 0;
		};
/* End PBXSourcesBuildPhase section */

/* Begin XCBuildConfiguration section */
		FFDD51DD29BA316000B00E5B /* Debug */ = {
			isa = XCBuildConfiguration;
			buildSettings = {
				ALWAYS_SEARCH_USER_PATHS = NO;
				CLANG_ANALYZER_NONNULL = YES;
				CLANG_ANALYZER_NUMBER_OBJECT_CONVERSION = YES_AGGRESSIVE;
				CLANG_CXX_LANGUAGE_STANDARD = "gnu++20";
				CLANG_ENABLE_MODULES = YES;
				CLANG_ENABLE_OBJC_ARC = YES;
				CLANG_ENABLE_OBJC_WEAK = YES;
				CLANG_WARN_BLOCK_CAPTURE_AUTORELEASING = YES;
				CLANG_WARN_BOOL_CONVERSION = YES;
				CLANG_WARN_COMMA = YES;
				CLANG_WARN_CONSTANT_CONVERSION = YES;
				CLANG_WARN_DEPRECATED_OBJC_IMPLEMENTATIONS = YES;
				CLANG_WARN_DIRECT_OBJC_ISA_USAGE = YES_ERROR;
				CLANG_WARN_DOCUMENTATION_COMMENTS = YES;
				CLANG_WARN_EMPTY_BODY = YES;
				CLANG_WARN_ENUM_CONVERSION = YES;
				CLANG_WARN_INFINITE_RECURSION = YES;
				CLANG_WARN_INT_CONVERSION = YES;
				CLANG_WARN_NON_LITERAL_NULL_CONVERSION = YES;
				CLANG_WARN_OBJC_IMPLICIT_RETAIN_SELF = YES;
				CLANG_WARN_OBJC_LITERAL_CONVERSION = YES;
				CLANG_WARN_OBJC_ROOT_CLASS = YES_ERROR;
				CLANG_WARN_QUOTED_INCLUDE_IN_FRAMEWORK_HEADER = YES;
				CLANG_WARN_RANGE_LOOP_ANALYSIS = YES;
				CLANG_WARN_STRICT_PROTOTYPES = YES;
				CLANG_WARN_SUSPICIOUS_MOVE = YES;
				CLANG_WARN_UNGUARDED_AVAILABILITY = YES_AGGRESSIVE;
				CLANG_WARN_UNREACHABLE_CODE = YES;
				CLANG_WARN__DUPLICATE_METHOD_MATCH = YES;
				COPY_PHASE_STRIP = NO;
				DEBUG_INFORMATION_FORMAT = dwarf;
				ENABLE_STRICT_OBJC_MSGSEND = YES;
				ENABLE_TESTABILITY = YES;
				GCC_C_LANGUAGE_STANDARD = gnu11;
				GCC_DYNAMIC_NO_PIC = NO;
				GCC_NO_COMMON_BLOCKS = YES;
				GCC_OPTIMIZATION_LEVEL = 0;
				GCC_PREPROCESSOR_DEFINITIONS = (
					"DEBUG=1",
					"$(inherited)",
				);
				GCC_WARN_64_TO_32_BIT_CONVERSION = YES;
				GCC_WARN_ABOUT_RETURN_TYPE = YES_ERROR;
				GCC_WARN_UNDECLARED_SELECTOR = YES;
				GCC_WARN_UNINITIALIZED_AUTOS = YES_AGGRESSIVE;
				GCC_WARN_UNUSED_FUNCTION = YES;
				GCC_WARN_UNUSED_VARIABLE = YES;
				IPHONEOS_DEPLOYMENT_TARGET = 16.2;
				MTL_ENABLE_DEBUG_INFO = INCLUDE_SOURCE;
				MTL_FAST_MATH = YES;
				ONLY_ACTIVE_ARCH = YES;
				SDKROOT = iphoneos;
				SWIFT_ACTIVE_COMPILATION_CONDITIONS = DEBUG;
				SWIFT_OPTIMIZATION_LEVEL = "-Onone";
			};
			name = Debug;
		};
		FFDD51DE29BA316000B00E5B /* Release */ = {
			isa = XCBuildConfiguration;
			buildSettings = {
				ALWAYS_SEARCH_USER_PATHS = NO;
				CLANG_ANALYZER_NONNULL = YES;
				CLANG_ANALYZER_NUMBER_OBJECT_CONVERSION = YES_AGGRESSIVE;
				CLANG_CXX_LANGUAGE_STANDARD = "gnu++20";
				CLANG_ENABLE_MODULES = YES;
				CLANG_ENABLE_OBJC_ARC = YES;
				CLANG_ENABLE_OBJC_WEAK = YES;
				CLANG_WARN_BLOCK_CAPTURE_AUTORELEASING = YES;
				CLANG_WARN_BOOL_CONVERSION = YES;
				CLANG_WARN_COMMA = YES;
				CLANG_WARN_CONSTANT_CONVERSION = YES;
				CLANG_WARN_DEPRECATED_OBJC_IMPLEMENTATIONS = YES;
				CLANG_WARN_DIRECT_OBJC_ISA_USAGE = YES_ERROR;
				CLANG_WARN_DOCUMENTATION_COMMENTS = YES;
				CLANG_WARN_EMPTY_BODY = YES;
				CLANG_WARN_ENUM_CONVERSION = YES;
				CLANG_WARN_INFINITE_RECURSION = YES;
				CLANG_WARN_INT_CONVERSION = YES;
				CLANG_WARN_NON_LITERAL_NULL_CONVERSION = YES;
				CLANG_WARN_OBJC_IMPLICIT_RETAIN_SELF = YES;
				CLANG_WARN_OBJC_LITERAL_CONVERSION = YES;
				CLANG_WARN_OBJC_ROOT_CLASS = YES_ERROR;
				CLANG_WARN_QUOTED_INCLUDE_IN_FRAMEWORK_HEADER = YES;
				CLANG_WARN_RANGE_LOOP_ANALYSIS = YES;
				CLANG_WARN_STRICT_PROTOTYPES = YES;
				CLANG_WARN_SUSPICIOUS_MOVE = YES;
				CLANG_WARN_UNGUARDED_AVAILABILITY = YES_AGGRESSIVE;
				CLANG_WARN_UNREACHABLE_CODE = YES;
				CLANG_WARN__DUPLICATE_METHOD_MATCH = YES;
				COPY_PHASE_STRIP = NO;
				DEBUG_INFORMATION_FORMAT = "dwarf-with-dsym";
				ENABLE_NS_ASSERTIONS = NO;
				ENABLE_STRICT_OBJC_MSGSEND = YES;
				GCC_C_LANGUAGE_STANDARD = gnu11;
				GCC_NO_COMMON_BLOCKS = YES;
				GCC_WARN_64_TO_32_BIT_CONVERSION = YES;
				GCC_WARN_ABOUT_RETURN_TYPE = YES_ERROR;
				GCC_WARN_UNDECLARED_SELECTOR = YES;
				GCC_WARN_UNINITIALIZED_AUTOS = YES_AGGRESSIVE;
				GCC_WARN_UNUSED_FUNCTION = YES;
				GCC_WARN_UNUSED_VARIABLE = YES;
				IPHONEOS_DEPLOYMENT_TARGET = 16.2;
				MTL_ENABLE_DEBUG_INFO = NO;
				MTL_FAST_MATH = YES;
				SDKROOT = iphoneos;
				SWIFT_COMPILATION_MODE = wholemodule;
				SWIFT_OPTIMIZATION_LEVEL = "-O";
				VALIDATE_PRODUCT = YES;
			};
			name = Release;
		};
		FFDD51E029BA316000B00E5B /* Debug */ = {
			isa = XCBuildConfiguration;
			buildSettings = {
				ASSETCATALOG_COMPILER_APPICON_NAME = AppIcon;
				ASSETCATALOG_COMPILER_GLOBAL_ACCENT_COLOR_NAME = AccentColor;
				CODE_SIGN_STYLE = Automatic;
				CURRENT_PROJECT_VERSION = 1;
				DEVELOPMENT_ASSET_PATHS = "\"StudyPlanner/Preview Content\"";
				ENABLE_PREVIEWS = YES;
				GENERATE_INFOPLIST_FILE = YES;
				INFOPLIST_KEY_UIApplicationSceneManifest_Generation = YES;
				INFOPLIST_KEY_UIApplicationSupportsIndirectInputEvents = YES;
				INFOPLIST_KEY_UILaunchScreen_Generation = YES;
				INFOPLIST_KEY_UISupportedInterfaceOrientations_iPad = "UIInterfaceOrientationPortrait UIInterfaceOrientationPortraitUpsideDown UIInterfaceOrientationLandscapeLeft UIInterfaceOrientationLandscapeRight";
				INFOPLIST_KEY_UISupportedInterfaceOrientations_iPhone = "UIInterfaceOrientationPortrait UIInterfaceOrientationLandscapeLeft UIInterfaceOrientationLandscapeRight";
				LD_RUNPATH_SEARCH_PATHS = (
					"$(inherited)",
					"@executable_path/Frameworks",
				);
				MARKETING_VERSION = 1.0;
				PRODUCT_BUNDLE_IDENTIFIER = com.isaac.StudyPlanner;
				PRODUCT_NAME = "$(TARGET_NAME)";
				SWIFT_EMIT_LOC_STRINGS = YES;
				SWIFT_VERSION = 5.0;
				TARGETED_DEVICE_FAMILY = "1,2";
			};
			name = Debug;
		};
		FFDD51E129BA316000B00E5B /* Release */ = {
			isa = XCBuildConfiguration;
			buildSettings = {
				ASSETCATALOG_COMPILER_APPICON_NAME = AppIcon;
				ASSETCATALOG_COMPILER_GLOBAL_ACCENT_COLOR_NAME = AccentColor;
				CODE_SIGN_STYLE = Automatic;
				CURRENT_PROJECT_VERSION = 1;
				DEVELOPMENT_ASSET_PATHS = "\"StudyPlanner/Preview Content\"";
				ENABLE_PREVIEWS = YES;
				GENERATE_INFOPLIST_FILE = YES;
				INFOPLIST_KEY_UIApplicationSceneManifest_Generation = YES;
				INFOPLIST_KEY_UIApplicationSupportsIndirectInputEvents = YES;
				INFOPLIST_KEY_UILaunchScreen_Generation = YES;
				INFOPLIST_KEY_UISupportedInterfaceOrientations_iPad = "UIInterfaceOrientationPortrait UIInterfaceOrientationPortraitUpsideDown UIInterfaceOrientationLandscapeLeft UIInterfaceOrientationLandscapeRight";
				INFOPLIST_KEY_UISupportedInterfaceOrientations_iPhone = "UIInterfaceOrientationPortrait UIInterfaceOrientationLandscapeLeft UIInterfaceOrientationLandscapeRight";
				LD_RUNPATH_SEARCH_PATHS = (
					"$(inherited)",
					"@executable_path/Frameworks",
				);
				MARKETING_VERSION = 1.0;
				PRODUCT_BUNDLE_IDENTIFIER = com.isaac.StudyPlanner;
				PRODUCT_NAME = "$(TARGET_NAME)";
				SWIFT_EMIT_LOC_STRINGS = YES;
				SWIFT_VERSION = 5.0;
				TARGETED_DEVICE_FAMILY = "1,2";
			};
			name = Release;
		};
/* End XCBuildConfiguration section */

/* Begin XCConfigurationList section */
		FFDD51CC29BA315E00B00E5B /* Build configuration list for PBXProject "StudyPlanner" */ = {
			isa = XCConfigurationList;
			buildConfigurations = (
				FFDD51DD29BA316000B00E5B /* Debug */,
				FFDD51DE29BA316000B00E5B /* Release */,
			);
			defaultConfigurationIsVisible = 0;
			defaultConfigurationName = Release;
		};
		FFDD51DF29BA316000B00E5B /* Build configuration list for PBXNativeTarget "StudyPlanner" */ = {
			isa = XCConfigurationList;
			buildConfigurations = (
				FFDD51E029BA316000B00E5B /* Debug */,
				FFDD51E129BA316000B00E5B /* Release */,
			);
			defaultConfigurationIsVisible = 0;
			defaultConfigurationName = Release;
		};
/* End XCConfigurationList section */

/* Begin XCRemoteSwiftPackageReference section */
		FFDD51E629BA338600B00E5B /* XCRemoteSwiftPackageReference "SwiftDate" */ = {
			isa = XCRemoteSwiftPackageReference;
			repositoryURL = "https://github.com/malcommac/SwiftDate";
			requirement = {
				kind = upToNextMajorVersion;
				minimumVersion = 7.0.0;
			};
		};
/* End XCRemoteSwiftPackageReference section */

/* Begin XCSwiftPackageProductDependency section */
		FFDD51E729BA338600B00E5B /* SwiftDate */ = {
			isa = XCSwiftPackageProductDependency;
			package = FFDD51E629BA338600B00E5B /* XCRemoteSwiftPackageReference "SwiftDate" */;
			productName = SwiftDate;
		};
/* End XCSwiftPackageProductDependency section */
	};
	rootObject = FFDD51C929BA315E00B00E5B /* Project object */;
}
